
Microsoft Visual Studio Solution File, Format Version 12.00
Project("{FAE04EC0-301F-11D3-BF4B-00C04F79EFBC}") = "App.Domain", "App.Domain\App.Domain.csproj", "{550ADED0-2B7E-4FE8-AA61-59ED22220F6C}"
EndProject
Project("{2150E333-8FDC-42A3-9474-1A3956D46DE8}") = "App", "App", "{F0BB8C2D-6AE7-4826-995C-1126B4BE79A7}"
EndProject
Project("{2150E333-8FDC-42A3-9474-1A3956D46DE8}") = "Solution Items", "Solution Items", "{44E7787F-EBF1-4165-BBEB-E9DD1F3777BF}"
EndProject
Project("{2150E333-8FDC-42A3-9474-1A3956D46DE8}") = "Base", "Base", "{DC79EDAB-DCA4-4EB8-A7C5-9DFF1E8E96A0}"
EndProject
Project("{FAE04EC0-301F-11D3-BF4B-00C04F79EFBC}") = "Base.Domain", "Base.Domain\Base.Domain.csproj", "{724C63CB-5C8C-4B61-9E44-86FD5A84C78E}"
EndProject
Project("{FAE04EC0-301F-11D3-BF4B-00C04F79EFBC}") = "App.DAL.EF", "App.DAL.EF\App.DAL.EF.csproj", "{5D3465C2-1403-48F9-80BA-00CE7C162E36}"
EndProject
Project("{FAE04EC0-301F-11D3-BF4B-00C04F79EFBC}") = "WebApp", "WebApp\WebApp.csproj", "{93B56378-00ED-4951-B357-D8C9E50A61E0}"
EndProject
Global
	GlobalSection(SolutionConfigurationPlatforms) = preSolution
		Debug|Any CPU = Debug|Any CPU
		Release|Any CPU = Release|Any CPU
	EndGlobalSection
	GlobalSection(ProjectConfigurationPlatforms) = postSolution
		{550ADED0-2B7E-4FE8-AA61-59ED22220F6C}.Debug|Any CPU.ActiveCfg = Debug|Any CPU
		{550ADED0-2B7E-4FE8-AA61-59ED22220F6C}.Debug|Any CPU.Build.0 = Debug|Any CPU
		{550ADED0-2B7E-4FE8-AA61-59ED22220F6C}.Release|Any CPU.ActiveCfg = Release|Any CPU
		{550ADED0-2B7E-4FE8-AA61-59ED22220F6C}.Release|Any CPU.Build.0 = Release|Any CPU
		{724C63CB-5C8C-4B61-9E44-86FD5A84C78E}.Debug|Any CPU.ActiveCfg = Debug|Any CPU
		{724C63CB-5C8C-4B61-9E44-86FD5A84C78E}.Debug|Any CPU.Build.0 = Debug|Any CPU
		{724C63CB-5C8C-4B61-9E44-86FD5A84C78E}.Release|Any CPU.ActiveCfg = Release|Any CPU
		{724C63CB-5C8C-4B61-9E44-86FD5A84C78E}.Release|Any CPU.Build.0 = Release|Any CPU
		{5D3465C2-1403-48F9-80BA-00CE7C162E36}.Debug|Any CPU.ActiveCfg = Debug|Any CPU
		{5D3465C2-1403-48F9-80BA-00CE7C162E36}.Debug|Any CPU.Build.0 = Debug|Any CPU
		{5D3465C2-1403-48F9-80BA-00CE7C162E36}.Release|Any CPU.ActiveCfg = Release|Any CPU
		{5D3465C2-1403-48F9-80BA-00CE7C162E36}.Release|Any CPU.Build.0 = Release|Any CPU
		{93B56378-00ED-4951-B357-D8C9E50A61E0}.Debug|Any CPU.ActiveCfg = Debug|Any CPU
		{93B56378-00ED-4951-B357-D8C9E50A61E0}.Debug|Any CPU.Build.0 = Debug|Any CPU
		{93B56378-00ED-4951-B357-D8C9E50A61E0}.Release|Any CPU.ActiveCfg = Release|Any CPU
		{93B56378-00ED-4951-B357-D8C9E50A61E0}.Release|Any CPU.Build.0 = Release|Any CPU
	EndGlobalSection
	GlobalSection(NestedProjects) = preSolution
		{550ADED0-2B7E-4FE8-AA61-59ED22220F6C} = {F0BB8C2D-6AE7-4826-995C-1126B4BE79A7}
		{724C63CB-5C8C-4B61-9E44-86FD5A84C78E} = {DC79EDAB-DCA4-4EB8-A7C5-9DFF1E8E96A0}
		{5D3465C2-1403-48F9-80BA-00CE7C162E36} = {F0BB8C2D-6AE7-4826-995C-1126B4BE79A7}
		{93B56378-00ED-4951-B357-D8C9E50A61E0} = {F0BB8C2D-6AE7-4826-995C-1126B4BE79A7}
	EndGlobalSection
EndGlobal
